
Microsoft Visual Studio Solution File, Format Version 12.00
# Visual Studio 15
VisualStudioVersion = 15.0.26730.16
MinimumVisualStudioVersion = 10.0.40219.1
Project("{FAE04EC0-301F-11D3-BF4B-00C04F79EFBC}") = "HomeSales", "HomeSales\HomeSales.csproj", "{6E93140E-F318-4458-B3AE-8CD4BE624254}"
EndProject
Project("{FAE04EC0-301F-11D3-BF4B-00C04F79EFBC}") = "HomeSales.Tests", "HomeSales.Tests\HomeSales.Tests.csproj", "{4A45FD9A-4450-4735-9630-D4E81A339EE9}"
EndProject
Project("{FAE04EC0-301F-11D3-BF4B-00C04F79EFBC}") = "ConsoleTest", "ConsoleTest\ConsoleTest.csproj", "{6F6ACD7B-1082-4E5F-B61E-B6637937AD26}"
EndProject
Project("{FAE04EC0-301F-11D3-BF4B-00C04F79EFBC}") = "CsvParser", "CsvParser\CsvParser.csproj", "{7DAD7276-C840-4315-9D94-B718FC8E87B7}"
EndProject
Project("{FAE04EC0-301F-11D3-BF4B-00C04F79EFBC}") = "DataLayer", "DataLayer\DataLayer.csproj", "{052FD6E4-3892-46E2-A303-B0CE8E221AC0}"
EndProject
Global
	GlobalSection(SolutionConfigurationPlatforms) = preSolution
		Debug|Any CPU = Debug|Any CPU
		Release|Any CPU = Release|Any CPU
	EndGlobalSection
	GlobalSection(ProjectConfigurationPlatforms) = postSolution
		{6E93140E-F318-4458-B3AE-8CD4BE624254}.Debug|Any CPU.ActiveCfg = Debug|Any CPU
		{6E93140E-F318-4458-B3AE-8CD4BE624254}.Debug|Any CPU.Build.0 = Debug|Any CPU
		{6E93140E-F318-4458-B3AE-8CD4BE624254}.Release|Any CPU.ActiveCfg = Release|Any CPU
		{6E93140E-F318-4458-B3AE-8CD4BE624254}.Release|Any CPU.Build.0 = Release|Any CPU
		{4A45FD9A-4450-4735-9630-D4E81A339EE9}.Debug|Any CPU.ActiveCfg = Debug|Any CPU
		{4A45FD9A-4450-4735-9630-D4E81A339EE9}.Debug|Any CPU.Build.0 = Debug|Any CPU
		{4A45FD9A-4450-4735-9630-D4E81A339EE9}.Release|Any CPU.ActiveCfg = Release|Any CPU
		{4A45FD9A-4450-4735-9630-D4E81A339EE9}.Release|Any CPU.Build.0 = Release|Any CPU
		{6F6ACD7B-1082-4E5F-B61E-B6637937AD26}.Debug|Any CPU.ActiveCfg = Debug|Any CPU
		{6F6ACD7B-1082-4E5F-B61E-B6637937AD26}.Debug|Any CPU.Build.0 = Debug|Any CPU
		{6F6ACD7B-1082-4E5F-B61E-B6637937AD26}.Release|Any CPU.ActiveCfg = Release|Any CPU
		{6F6ACD7B-1082-4E5F-B61E-B6637937AD26}.Release|Any CPU.Build.0 = Release|Any CPU
		{7DAD7276-C840-4315-9D94-B718FC8E87B7}.Debug|Any CPU.ActiveCfg = Debug|Any CPU
		{7DAD7276-C840-4315-9D94-B718FC8E87B7}.Debug|Any CPU.Build.0 = Debug|Any CPU
		{7DAD7276-C840-4315-9D94-B718FC8E87B7}.Release|Any CPU.ActiveCfg = Release|Any CPU
		{7DAD7276-C840-4315-9D94-B718FC8E87B7}.Release|Any CPU.Build.0 = Release|Any CPU
		{052FD6E4-3892-46E2-A303-B0CE8E221AC0}.Debug|Any CPU.ActiveCfg = Debug|Any CPU
		{052FD6E4-3892-46E2-A303-B0CE8E221AC0}.Debug|Any CPU.Build.0 = Debug|Any CPU
		{052FD6E4-3892-46E2-A303-B0CE8E221AC0}.Release|Any CPU.ActiveCfg = Release|Any CPU
		{052FD6E4-3892-46E2-A303-B0CE8E221AC0}.Release|Any CPU.Build.0 = Release|Any CPU
	EndGlobalSection
	GlobalSection(SolutionProperties) = preSolution
		HideSolutionNode = FALSE
	EndGlobalSection
	GlobalSection(ExtensibilityGlobals) = postSolution
		SolutionGuid = {32EFDDBB-F688-41EF-9CA9-4813D40793D2}
	EndGlobalSection
EndGlobal
